
Microsoft Visual Studio Solution File, Format Version 12.00
# Visual Studio Version 16
VisualStudioVersion = 16.0.31129.286
MinimumVisualStudioVersion = 10.0.40219.1
Project("{FAE04EC0-301F-11D3-BF4B-00C04F79EFBC}") = "AlimentoNaoPerecivel", "AlimentoNaoPerecivel\AlimentoNaoPerecivel.csproj", "{35F18AD9-6A87-4ED6-A5F8-03C8ACF74BE6}"
EndProject
Global
	GlobalSection(SolutionConfigurationPlatforms) = preSolution
		Debug|Any CPU = Debug|Any CPU
		Release|Any CPU = Release|Any CPU
	EndGlobalSection
	GlobalSection(ProjectConfigurationPlatforms) = postSolution
		{35F18AD9-6A87-4ED6-A5F8-03C8ACF74BE6}.Debug|Any CPU.ActiveCfg = Debug|Any CPU
		{35F18AD9-6A87-4ED6-A5F8-03C8ACF74BE6}.Debug|Any CPU.Build.0 = Debug|Any CPU
		{35F18AD9-6A87-4ED6-A5F8-03C8ACF74BE6}.Release|Any CPU.ActiveCfg = Release|Any CPU
		{35F18AD9-6A87-4ED6-A5F8-03C8ACF74BE6}.Release|Any CPU.Build.0 = Release|Any CPU
	EndGlobalSection
	GlobalSection(SolutionProperties) = preSolution
		HideSolutionNode = FALSE
	EndGlobalSection
	GlobalSection(ExtensibilityGlobals) = postSolution
		SolutionGuid = {466FA117-B9DC-4ECF-8875-01F777A52AC9}
	EndGlobalSection
EndGlobal
